{
    "magento-ecg/coding-standard": {
        "version": "3.1"
    },
    "psr/cache": {
        "version": "1.0.1"
    },
    "psr/container": {
        "version": "1.0.0"
    },
    "psr/log": {
        "version": "1.0.2"
    },
    "squizlabs/php_codesniffer": {
        "version": "3.0",
        "recipe": {
            "repo": "github.com/symfony/recipes-contrib",
            "branch": "master",
            "version": "3.0",
            "ref": "0dc9cceda799fd3a08b96987e176a261028a3709"
        }
    },
    "symfony/asset": {
        "version": "v4.1.4"
    },
    "symfony/cache": {
        "version": "v4.1.4"
    },
    "symfony/cache-contracts": {
        "version": "v1.1.5"
    },
    "symfony/config": {
        "version": "v4.1.4"
    },
    "symfony/console": {
        "version": "3.3",
        "recipe": {
            "repo": "github.com/symfony/recipes",
            "branch": "master",
            "version": "3.3",
            "ref": "e3868d2f4a5104f19f844fe551099a00c6562527"
        }
    },
    "symfony/debug": {
        "version": "v4.1.4"
    },
    "symfony/dependency-injection": {
        "version": "v4.1.4"
    },
    "symfony/dotenv": {
        "version": "v4.1.4"
    },
    "symfony/event-dispatcher": {
        "version": "v4.1.4"
    },
    "symfony/event-dispatcher-contracts": {
        "version": "v1.1.5"
    },
    "symfony/filesystem": {
        "version": "v4.1.4"
    },
    "symfony/finder": {
        "version": "v4.1.4"
    },
    "symfony/flex": {
        "version": "1.0",
        "recipe": {
            "repo": "github.com/symfony/recipes",
            "branch": "master",
            "version": "1.0",
            "ref": "e921bdbfe20cdefa3b82f379d1cd36df1bc8d115"
        }
    },
    "symfony/form": {
        "version": "v4.1.4"
    },
    "symfony/framework-bundle": {
        "version": "3.3",
        "recipe": {
            "repo": "github.com/symfony/recipes",
            "branch": "master",
            "version": "3.3",
            "ref": "87c585d24de9f43bca80ebcfd5cf5cb39445d95f"
        }
    },
    "symfony/http-foundation": {
        "version": "v4.1.4"
    },
    "symfony/http-kernel": {
        "version": "v4.1.4"
    },
    "symfony/inflector": {
        "version": "v4.1.4"
    },
    "symfony/intl": {
        "version": "v4.1.4"
    },
    "symfony/mime": {
        "version": "v4.3.1"
    },
    "symfony/options-resolver": {
        "version": "v4.1.4"
    },
    "symfony/phpunit-bridge": {
        "version": "4.1",
        "recipe": {
            "repo": "github.com/symfony/recipes",
            "branch": "master",
            "version": "4.1",
            "ref": "1a47f76dcd9d5d4da1fab54fb15450bae3704c5e"
        }
    },
    "symfony/polyfill-intl-icu": {
        "version": "v1.9.0"
    },
    "symfony/polyfill-intl-idn": {
        "version": "v1.11.0"
    },
    "symfony/polyfill-mbstring": {
        "version": "v1.9.0"
    },
    "symfony/polyfill-php72": {
        "version": "v1.11.0"
    },
    "symfony/polyfill-php73": {
        "version": "v1.11.0"
    },
    "symfony/process": {
        "version": "v4.1.4"
    },
    "symfony/property-access": {
        "version": "v4.1.4"
    },
    "symfony/routing": {
        "version": "4.0",
        "recipe": {
            "repo": "github.com/symfony/recipes",
            "branch": "master",
            "version": "4.0",
            "ref": "cda8b550123383d25827705d05a42acf6819fe4e"
        }
    },
    "symfony/service-contracts": {
        "version": "v1.1.5"
    },
    "symfony/translation": {
        "version": "3.3",
        "recipe": {
            "repo": "github.com/symfony/recipes",
            "branch": "master",
            "version": "3.3",
            "ref": "2ad9d2545bce8ca1a863e50e92141f0b9d87ffcd"
        },
        "files": [
            "config/packages/translation.yaml",
            "translations/.gitignore"
        ]
    },
    "symfony/translation-contracts": {
        "version": "v1.1.5"
    },
    "symfony/twig-bridge": {
        "version": "v4.1.4"
    },
    "symfony/twig-bundle": {
        "version": "3.3",
        "recipe": {
            "repo": "github.com/symfony/recipes",
            "branch": "master",
            "version": "3.3",
            "ref": "f75ac166398e107796ca94cc57fa1edaa06ec47f"
        }
    },
    "symfony/var-exporter": {
        "version": "v4.3.1"
    },
    "symfony/yaml": {
        "version": "v4.1.4"
    },
    "twig/extensions": {
        "version": "1.0",
        "recipe": {
            "repo": "github.com/symfony/recipes",
            "branch": "master",
            "version": "1.0",
            "ref": "ddb2e0a77773b7fd75d8d649545f174e664500ab"
        }
    },
    "twig/twig": {
        "version": "v2.5.0"
    }
}
